
Microsoft Visual Studio Solution File, Format Version 12.00
# Visual Studio 15
Project("{FAE04EC0-301F-11D3-BF4B-00C04F79EFBC}") = "Assembly-CSharp", "Assembly-CSharp.csproj", "{24D2D8EB-FA5F-3990-CAEA-0D5F3522EACC}"
EndProject
Project("{FAE04EC0-301F-11D3-BF4B-00C04F79EFBC}") = "Assembly-CSharp-Editor", "Assembly-CSharp-Editor.csproj", "{AF6F2E93-C361-8ED0-9BE0-5C0414290047}"
EndProject
Project("{FAE04EC0-301F-11D3-BF4B-00C04F79EFBC}") = "Assembly-CSharp-Editor-firstpass", "Assembly-CSharp-Editor-firstpass.csproj", "{BB25B5B9-991B-620E-2D31-0000EA23478B}"
EndProject
Global
	GlobalSection(SolutionConfigurationPlatforms) = preSolution
		Debug|Any CPU = Debug|Any CPU
		Release|Any CPU = Release|Any CPU
	EndGlobalSection
	GlobalSection(ProjectConfigurationPlatforms) = postSolution
		{24D2D8EB-FA5F-3990-CAEA-0D5F3522EACC}.Debug|Any CPU.ActiveCfg = Debug|Any CPU
		{24D2D8EB-FA5F-3990-CAEA-0D5F3522EACC}.Debug|Any CPU.Build.0 = Debug|Any CPU
		{24D2D8EB-FA5F-3990-CAEA-0D5F3522EACC}.Release|Any CPU.ActiveCfg = Release|Any CPU
		{24D2D8EB-FA5F-3990-CAEA-0D5F3522EACC}.Release|Any CPU.Build.0 = Release|Any CPU
		{AF6F2E93-C361-8ED0-9BE0-5C0414290047}.Debug|Any CPU.ActiveCfg = Debug|Any CPU
		{AF6F2E93-C361-8ED0-9BE0-5C0414290047}.Debug|Any CPU.Build.0 = Debug|Any CPU
		{AF6F2E93-C361-8ED0-9BE0-5C0414290047}.Release|Any CPU.ActiveCfg = Release|Any CPU
		{AF6F2E93-C361-8ED0-9BE0-5C0414290047}.Release|Any CPU.Build.0 = Release|Any CPU
		{BB25B5B9-991B-620E-2D31-0000EA23478B}.Debug|Any CPU.ActiveCfg = Debug|Any CPU
		{BB25B5B9-991B-620E-2D31-0000EA23478B}.Debug|Any CPU.Build.0 = Debug|Any CPU
		{BB25B5B9-991B-620E-2D31-0000EA23478B}.Release|Any CPU.ActiveCfg = Release|Any CPU
		{BB25B5B9-991B-620E-2D31-0000EA23478B}.Release|Any CPU.Build.0 = Release|Any CPU
	EndGlobalSection
	GlobalSection(SolutionProperties) = preSolution
		HideSolutionNode = FALSE
	EndGlobalSection
EndGlobal
